
Microsoft Visual Studio Solution File, Format Version 12.00
# Visual Studio Version 17
VisualStudioVersion = 17.14.36915.13 d17.14
MinimumVisualStudioVersion = 10.0.40219.1
Project("{FAE04EC0-301F-11D3-BF4B-00C04F79EFBC}") = "BST_Binary_Tree_Search", "BST_Binary_Tree_Search.csproj", "{6CD57D15-721A-4810-AA0E-79AA51B2DBDA}"
EndProject
Global
	GlobalSection(SolutionConfigurationPlatforms) = preSolution
		Debug|Any CPU = Debug|Any CPU
		Release|Any CPU = Release|Any CPU
	EndGlobalSection
	GlobalSection(ProjectConfigurationPlatforms) = postSolution
		{6CD57D15-721A-4810-AA0E-79AA51B2DBDA}.Debug|Any CPU.ActiveCfg = Debug|Any CPU
		{6CD57D15-721A-4810-AA0E-79AA51B2DBDA}.Debug|Any CPU.Build.0 = Debug|Any CPU
		{6CD57D15-721A-4810-AA0E-79AA51B2DBDA}.Release|Any CPU.ActiveCfg = Release|Any CPU
		{6CD57D15-721A-4810-AA0E-79AA51B2DBDA}.Release|Any CPU.Build.0 = Release|Any CPU
	EndGlobalSection
	GlobalSection(SolutionProperties) = preSolution
		HideSolutionNode = FALSE
	EndGlobalSection
	GlobalSection(ExtensibilityGlobals) = postSolution
		SolutionGuid = {D7D81636-B707-43FE-B461-F5F25D8CD777}
	EndGlobalSection
EndGlobal
